
Microsoft Visual Studio Solution File, Format Version 12.00
# Visual Studio Version 17
VisualStudioVersion = 17.11.35303.130
MinimumVisualStudioVersion = 10.0.40219.1
Project("{FAE04EC0-301F-11D3-BF4B-00C04F79EFBC}") = "KDZ 1", "KDZ 1\KDZ 1.csproj", "{F81648E6-3C60-4742-8F2B-EFDF05C70D05}"
EndProject
Global
	GlobalSection(SolutionConfigurationPlatforms) = preSolution
		Debug|Any CPU = Debug|Any CPU
		Release|Any CPU = Release|Any CPU
	EndGlobalSection
	GlobalSection(ProjectConfigurationPlatforms) = postSolution
		{F81648E6-3C60-4742-8F2B-EFDF05C70D05}.Debug|Any CPU.ActiveCfg = Debug|Any CPU
		{F81648E6-3C60-4742-8F2B-EFDF05C70D05}.Debug|Any CPU.Build.0 = Debug|Any CPU
		{F81648E6-3C60-4742-8F2B-EFDF05C70D05}.Release|Any CPU.ActiveCfg = Release|Any CPU
		{F81648E6-3C60-4742-8F2B-EFDF05C70D05}.Release|Any CPU.Build.0 = Release|Any CPU
	EndGlobalSection
	GlobalSection(SolutionProperties) = preSolution
		HideSolutionNode = FALSE
	EndGlobalSection
	GlobalSection(ExtensibilityGlobals) = postSolution
		SolutionGuid = {002112A9-385A-4400-BAA0-4808A593655F}
	EndGlobalSection
EndGlobal
