
Microsoft Visual Studio Solution File, Format Version 12.00
# Visual Studio Version 17
VisualStudioVersion = 17.11.35303.130
MinimumVisualStudioVersion = 10.0.40219.1
Project("{9A19103F-16F7-4668-BE54-9A1E7A4F7556}") = "DZ 2.2", "DZ 2.2 + Test\DZ 2.2.csproj", "{C01F194B-6485-4CB3-8CBF-C43A4DB14818}"
EndProject
Project("{FAE04EC0-301F-11D3-BF4B-00C04F79EFBC}") = "DZ 2.2 - Test", "DZ 2.2 - Test\DZ 2.2 - Test.csproj", "{96281389-9DF3-4463-9FE2-7ED225FD81F6}"
	ProjectSection(ProjectDependencies) = postProject
		{C01F194B-6485-4CB3-8CBF-C43A4DB14818} = {C01F194B-6485-4CB3-8CBF-C43A4DB14818}
	EndProjectSection
EndProject
Global
	GlobalSection(SolutionConfigurationPlatforms) = preSolution
		Debug|Any CPU = Debug|Any CPU
		Release|Any CPU = Release|Any CPU
	EndGlobalSection
	GlobalSection(ProjectConfigurationPlatforms) = postSolution
		{C01F194B-6485-4CB3-8CBF-C43A4DB14818}.Debug|Any CPU.ActiveCfg = Debug|Any CPU
		{C01F194B-6485-4CB3-8CBF-C43A4DB14818}.Debug|Any CPU.Build.0 = Debug|Any CPU
		{C01F194B-6485-4CB3-8CBF-C43A4DB14818}.Release|Any CPU.ActiveCfg = Release|Any CPU
		{C01F194B-6485-4CB3-8CBF-C43A4DB14818}.Release|Any CPU.Build.0 = Release|Any CPU
		{96281389-9DF3-4463-9FE2-7ED225FD81F6}.Debug|Any CPU.ActiveCfg = Debug|Any CPU
		{96281389-9DF3-4463-9FE2-7ED225FD81F6}.Debug|Any CPU.Build.0 = Debug|Any CPU
		{96281389-9DF3-4463-9FE2-7ED225FD81F6}.Release|Any CPU.ActiveCfg = Release|Any CPU
		{96281389-9DF3-4463-9FE2-7ED225FD81F6}.Release|Any CPU.Build.0 = Release|Any CPU
	EndGlobalSection
	GlobalSection(SolutionProperties) = preSolution
		HideSolutionNode = FALSE
	EndGlobalSection
	GlobalSection(ExtensibilityGlobals) = postSolution
		SolutionGuid = {6E5957E8-FD62-482B-B23D-C116C01E0B32}
	EndGlobalSection
EndGlobal
