
Microsoft Visual Studio Solution File, Format Version 12.00
# Visual Studio Version 17
VisualStudioVersion = 17.11.35303.130
MinimumVisualStudioVersion = 10.0.40219.1
Project("{FAE04EC0-301F-11D3-BF4B-00C04F79EFBC}") = "KDZ 4", "KDZ 4\KDZ 4.csproj", "{436F42C0-A9BC-4578-89A3-FF5A0CB03CB4}"
EndProject
Global
	GlobalSection(SolutionConfigurationPlatforms) = preSolution
		Debug|Any CPU = Debug|Any CPU
		Release|Any CPU = Release|Any CPU
	EndGlobalSection
	GlobalSection(ProjectConfigurationPlatforms) = postSolution
		{436F42C0-A9BC-4578-89A3-FF5A0CB03CB4}.Debug|Any CPU.ActiveCfg = Debug|Any CPU
		{436F42C0-A9BC-4578-89A3-FF5A0CB03CB4}.Debug|Any CPU.Build.0 = Debug|Any CPU
		{436F42C0-A9BC-4578-89A3-FF5A0CB03CB4}.Release|Any CPU.ActiveCfg = Release|Any CPU
		{436F42C0-A9BC-4578-89A3-FF5A0CB03CB4}.Release|Any CPU.Build.0 = Release|Any CPU
	EndGlobalSection
	GlobalSection(SolutionProperties) = preSolution
		HideSolutionNode = FALSE
	EndGlobalSection
	GlobalSection(ExtensibilityGlobals) = postSolution
		SolutionGuid = {543F968B-23CE-41DA-B9CF-23191B7162CD}
	EndGlobalSection
EndGlobal
